
Microsoft Visual Studio Solution File, Format Version 11.00
# Visual Studio 2010
Project("{FAE04EC0-301F-11D3-BF4B-00C04F79EFBC}") = "otobüs koltuk no", "otobüs koltuk no\otobüs koltuk no.csproj", "{751CAB5E-CC5F-4BC4-9059-741B84400E82}"
EndProject
Global
	GlobalSection(SolutionConfigurationPlatforms) = preSolution
		Debug|x86 = Debug|x86
		Release|x86 = Release|x86
	EndGlobalSection
	GlobalSection(ProjectConfigurationPlatforms) = postSolution
		{751CAB5E-CC5F-4BC4-9059-741B84400E82}.Debug|x86.ActiveCfg = Debug|x86
		{751CAB5E-CC5F-4BC4-9059-741B84400E82}.Debug|x86.Build.0 = Debug|x86
		{751CAB5E-CC5F-4BC4-9059-741B84400E82}.Release|x86.ActiveCfg = Release|x86
		{751CAB5E-CC5F-4BC4-9059-741B84400E82}.Release|x86.Build.0 = Release|x86
	EndGlobalSection
	GlobalSection(SolutionProperties) = preSolution
		HideSolutionNode = FALSE
	EndGlobalSection
EndGlobal
