
Microsoft Visual Studio Solution File, Format Version 11.00
# Visual Studio 2010
Project("{FAE04EC0-301F-11D3-BF4B-00C04F79EFBC}") = "sayıbolme", "sayıbolme\sayıbolme.csproj", "{55A98F6C-3EEA-4795-A0DB-F0003BBD2A05}"
EndProject
Global
	GlobalSection(SolutionConfigurationPlatforms) = preSolution
		Debug|x86 = Debug|x86
		Release|x86 = Release|x86
	EndGlobalSection
	GlobalSection(ProjectConfigurationPlatforms) = postSolution
		{55A98F6C-3EEA-4795-A0DB-F0003BBD2A05}.Debug|x86.ActiveCfg = Debug|x86
		{55A98F6C-3EEA-4795-A0DB-F0003BBD2A05}.Debug|x86.Build.0 = Debug|x86
		{55A98F6C-3EEA-4795-A0DB-F0003BBD2A05}.Release|x86.ActiveCfg = Release|x86
		{55A98F6C-3EEA-4795-A0DB-F0003BBD2A05}.Release|x86.Build.0 = Release|x86
	EndGlobalSection
	GlobalSection(SolutionProperties) = preSolution
		HideSolutionNode = FALSE
	EndGlobalSection
EndGlobal
