
Microsoft Visual Studio Solution File, Format Version 11.00
# Visual Studio 2010
Project("{FAE04EC0-301F-11D3-BF4B-00C04F79EFBC}") = "faturaödemetarihi", "faturaödemetarihi\faturaödemetarihi.csproj", "{FCA61FD9-EE45-4D16-AC17-EF5006223FC8}"
EndProject
Global
	GlobalSection(SolutionConfigurationPlatforms) = preSolution
		Debug|x86 = Debug|x86
		Release|x86 = Release|x86
	EndGlobalSection
	GlobalSection(ProjectConfigurationPlatforms) = postSolution
		{FCA61FD9-EE45-4D16-AC17-EF5006223FC8}.Debug|x86.ActiveCfg = Debug|x86
		{FCA61FD9-EE45-4D16-AC17-EF5006223FC8}.Debug|x86.Build.0 = Debug|x86
		{FCA61FD9-EE45-4D16-AC17-EF5006223FC8}.Release|x86.ActiveCfg = Release|x86
		{FCA61FD9-EE45-4D16-AC17-EF5006223FC8}.Release|x86.Build.0 = Release|x86
	EndGlobalSection
	GlobalSection(SolutionProperties) = preSolution
		HideSolutionNode = FALSE
	EndGlobalSection
EndGlobal
