
Microsoft Visual Studio Solution File, Format Version 11.00
# Visual Studio 2010
Project("{FAE04EC0-301F-11D3-BF4B-00C04F79EFBC}") = "deneme", "deneme\deneme.csproj", "{A69C9E24-EB42-44C0-8172-12F24113C834}"
EndProject
Global
	GlobalSection(SolutionConfigurationPlatforms) = preSolution
		Debug|x86 = Debug|x86
		Release|x86 = Release|x86
	EndGlobalSection
	GlobalSection(ProjectConfigurationPlatforms) = postSolution
		{A69C9E24-EB42-44C0-8172-12F24113C834}.Debug|x86.ActiveCfg = Debug|x86
		{A69C9E24-EB42-44C0-8172-12F24113C834}.Debug|x86.Build.0 = Debug|x86
		{A69C9E24-EB42-44C0-8172-12F24113C834}.Release|x86.ActiveCfg = Release|x86
		{A69C9E24-EB42-44C0-8172-12F24113C834}.Release|x86.Build.0 = Release|x86
	EndGlobalSection
	GlobalSection(SolutionProperties) = preSolution
		HideSolutionNode = FALSE
	EndGlobalSection
EndGlobal
